Microsoft Visual Studio Solution File, Format Version 12.00
# Visual Studio Version 18
VisualStudioVersion = 18.5.11716.220 stable
MinimumVisualStudioVersion = 10.0.40219.1
Project("{FAE04EC0-301F-11D3-BF4B-00C04F79EFBC}") = "Fighters", "Fighters\Fighters.csproj", "{96F24013-2786-473A-8F25-4C2D47740744}"
EndProject
Global
	GlobalSection(SolutionConfigurationPlatforms) = preSolution
		Debug|Any CPU = Debug|Any CPU
		Release|Any CPU = Release|Any CPU
	EndGlobalSection
	GlobalSection(ProjectConfigurationPlatforms) = postSolution
		{96F24013-2786-473A-8F25-4C2D47740744}.Debug|Any CPU.ActiveCfg = Debug|Any CPU
		{96F24013-2786-473A-8F25-4C2D47740744}.Debug|Any CPU.Build.0 = Debug|Any CPU
		{96F24013-2786-473A-8F25-4C2D47740744}.Release|Any CPU.ActiveCfg = Release|Any CPU
		{96F24013-2786-473A-8F25-4C2D47740744}.Release|Any CPU.Build.0 = Release|Any CPU
	EndGlobalSection
	GlobalSection(SolutionProperties) = preSolution
		HideSolutionNode = FALSE
	EndGlobalSection
	GlobalSection(ExtensibilityGlobals) = postSolution
		SolutionGuid = {9655B31E-E7A4-46AC-88E8-E23A88CAFE93}
	EndGlobalSection
EndGlobal
